
Microsoft Visual Studio Solution File, Format Version 12.00
# Visual Studio Version 17
VisualStudioVersion = 17.0.31919.166
MinimumVisualStudioVersion = 10.0.40219.1
Project("{FAE04EC0-301F-11D3-BF4B-00C04F79EFBC}") = "nk", "nk\nk.csproj", "{8E43D9B8-04D1-4730-AD74-D3EE5C854AFC}"
EndProject
Global
	GlobalSection(SolutionConfigurationPlatforms) = preSolution
		Debug|Any CPU = Debug|Any CPU
		Release|Any CPU = Release|Any CPU
	EndGlobalSection
	GlobalSection(ProjectConfigurationPlatforms) = postSolution
		{8E43D9B8-04D1-4730-AD74-D3EE5C854AFC}.Debug|Any CPU.ActiveCfg = Debug|Any CPU
		{8E43D9B8-04D1-4730-AD74-D3EE5C854AFC}.Debug|Any CPU.Build.0 = Debug|Any CPU
		{8E43D9B8-04D1-4730-AD74-D3EE5C854AFC}.Release|Any CPU.ActiveCfg = Release|Any CPU
		{8E43D9B8-04D1-4730-AD74-D3EE5C854AFC}.Release|Any CPU.Build.0 = Release|Any CPU
	EndGlobalSection
	GlobalSection(SolutionProperties) = preSolution
		HideSolutionNode = FALSE
	EndGlobalSection
	GlobalSection(ExtensibilityGlobals) = postSolution
		SolutionGuid = {538D8E09-00FA-424A-8F50-1FE84C942331}
	EndGlobalSection
EndGlobal
